
Microsoft Visual Studio Solution File, Format Version 12.00
# Visual Studio Version 16
VisualStudioVersion = 16.0.31702.278
MinimumVisualStudioVersion = 10.0.40219.1
Project("{FAE04EC0-301F-11D3-BF4B-00C04F79EFBC}") = "Calculator odd even prime homework week 2", "Calculator odd even prime homework week 2\Calculator odd even prime homework week 2.csproj", "{C3CF9CDF-FC97-4E0B-B652-F60DE74ED463}"
EndProject
Global
	GlobalSection(SolutionConfigurationPlatforms) = preSolution
		Debug|Any CPU = Debug|Any CPU
		Release|Any CPU = Release|Any CPU
	EndGlobalSection
	GlobalSection(ProjectConfigurationPlatforms) = postSolution
		{C3CF9CDF-FC97-4E0B-B652-F60DE74ED463}.Debug|Any CPU.ActiveCfg = Debug|Any CPU
		{C3CF9CDF-FC97-4E0B-B652-F60DE74ED463}.Debug|Any CPU.Build.0 = Debug|Any CPU
		{C3CF9CDF-FC97-4E0B-B652-F60DE74ED463}.Release|Any CPU.ActiveCfg = Release|Any CPU
		{C3CF9CDF-FC97-4E0B-B652-F60DE74ED463}.Release|Any CPU.Build.0 = Release|Any CPU
	EndGlobalSection
	GlobalSection(SolutionProperties) = preSolution
		HideSolutionNode = FALSE
	EndGlobalSection
	GlobalSection(ExtensibilityGlobals) = postSolution
		SolutionGuid = {E9BAA923-4C18-4DDB-9266-5C9FAD34F305}
	EndGlobalSection
EndGlobal
