
Microsoft Visual Studio Solution File, Format Version 12.00
# Visual Studio Version 16
VisualStudioVersion = 16.0.31702.278
MinimumVisualStudioVersion = 10.0.40219.1
Project("{FAE04EC0-301F-11D3-BF4B-00C04F79EFBC}") = "Higher or Lower Homework", "Higher or Lower Homework\Higher or Lower Homework.csproj", "{AB5ED6E6-61F2-40B7-979D-11CC5370B2DD}"
EndProject
Global
	GlobalSection(SolutionConfigurationPlatforms) = preSolution
		Debug|Any CPU = Debug|Any CPU
		Release|Any CPU = Release|Any CPU
	EndGlobalSection
	GlobalSection(ProjectConfigurationPlatforms) = postSolution
		{AB5ED6E6-61F2-40B7-979D-11CC5370B2DD}.Debug|Any CPU.ActiveCfg = Debug|Any CPU
		{AB5ED6E6-61F2-40B7-979D-11CC5370B2DD}.Debug|Any CPU.Build.0 = Debug|Any CPU
		{AB5ED6E6-61F2-40B7-979D-11CC5370B2DD}.Release|Any CPU.ActiveCfg = Release|Any CPU
		{AB5ED6E6-61F2-40B7-979D-11CC5370B2DD}.Release|Any CPU.Build.0 = Release|Any CPU
	EndGlobalSection
	GlobalSection(SolutionProperties) = preSolution
		HideSolutionNode = FALSE
	EndGlobalSection
	GlobalSection(ExtensibilityGlobals) = postSolution
		SolutionGuid = {C8506093-ABAF-43B4-8FB2-B514BE0E44CF}
	EndGlobalSection
EndGlobal
