
Microsoft Visual Studio Solution File, Format Version 12.00
# Visual Studio Version 16
VisualStudioVersion = 16.0.31702.278
MinimumVisualStudioVersion = 10.0.40219.1
Project("{FAE04EC0-301F-11D3-BF4B-00C04F79EFBC}") = "exeClasses", "exeClasses\exeClasses.csproj", "{870BBC23-8B1B-4496-B598-510A2F32C504}"
EndProject
Global
	GlobalSection(SolutionConfigurationPlatforms) = preSolution
		Debug|Any CPU = Debug|Any CPU
		Release|Any CPU = Release|Any CPU
	EndGlobalSection
	GlobalSection(ProjectConfigurationPlatforms) = postSolution
		{870BBC23-8B1B-4496-B598-510A2F32C504}.Debug|Any CPU.ActiveCfg = Debug|Any CPU
		{870BBC23-8B1B-4496-B598-510A2F32C504}.Debug|Any CPU.Build.0 = Debug|Any CPU
		{870BBC23-8B1B-4496-B598-510A2F32C504}.Release|Any CPU.ActiveCfg = Release|Any CPU
		{870BBC23-8B1B-4496-B598-510A2F32C504}.Release|Any CPU.Build.0 = Release|Any CPU
	EndGlobalSection
	GlobalSection(SolutionProperties) = preSolution
		HideSolutionNode = FALSE
	EndGlobalSection
	GlobalSection(ExtensibilityGlobals) = postSolution
		SolutionGuid = {1446A504-BA83-4281-8818-98D5405A6BAC}
	EndGlobalSection
EndGlobal
