
Microsoft Visual Studio Solution File, Format Version 12.00
# Visual Studio Version 16
VisualStudioVersion = 16.0.31624.102
MinimumVisualStudioVersion = 10.0.40219.1
Project("{FAE04EC0-301F-11D3-BF4B-00C04F79EFBC}") = "operators", "operators\operators.csproj", "{4495CE34-9CF3-46AE-A3E4-C587C9F5ABD4}"
EndProject
Global
	GlobalSection(SolutionConfigurationPlatforms) = preSolution
		Debug|Any CPU = Debug|Any CPU
		Release|Any CPU = Release|Any CPU
	EndGlobalSection
	GlobalSection(ProjectConfigurationPlatforms) = postSolution
		{4495CE34-9CF3-46AE-A3E4-C587C9F5ABD4}.Debug|Any CPU.ActiveCfg = Debug|Any CPU
		{4495CE34-9CF3-46AE-A3E4-C587C9F5ABD4}.Debug|Any CPU.Build.0 = Debug|Any CPU
		{4495CE34-9CF3-46AE-A3E4-C587C9F5ABD4}.Release|Any CPU.ActiveCfg = Release|Any CPU
		{4495CE34-9CF3-46AE-A3E4-C587C9F5ABD4}.Release|Any CPU.Build.0 = Release|Any CPU
	EndGlobalSection
	GlobalSection(SolutionProperties) = preSolution
		HideSolutionNode = FALSE
	EndGlobalSection
	GlobalSection(ExtensibilityGlobals) = postSolution
		SolutionGuid = {826CF4E9-77F3-4590-9565-445E843153F2}
	EndGlobalSection
EndGlobal
