
Microsoft Visual Studio Solution File, Format Version 12.00
# Visual Studio Version 16
VisualStudioVersion = 16.0.31702.278
MinimumVisualStudioVersion = 10.0.40219.1
Project("{FAE04EC0-301F-11D3-BF4B-00C04F79EFBC}") = "Month Enumeration", "Month Enumeration\Month Enumeration.csproj", "{CE656669-34EC-492B-B55D-11C742B37B3A}"
EndProject
Global
	GlobalSection(SolutionConfigurationPlatforms) = preSolution
		Debug|Any CPU = Debug|Any CPU
		Release|Any CPU = Release|Any CPU
	EndGlobalSection
	GlobalSection(ProjectConfigurationPlatforms) = postSolution
		{CE656669-34EC-492B-B55D-11C742B37B3A}.Debug|Any CPU.ActiveCfg = Debug|Any CPU
		{CE656669-34EC-492B-B55D-11C742B37B3A}.Debug|Any CPU.Build.0 = Debug|Any CPU
		{CE656669-34EC-492B-B55D-11C742B37B3A}.Release|Any CPU.ActiveCfg = Release|Any CPU
		{CE656669-34EC-492B-B55D-11C742B37B3A}.Release|Any CPU.Build.0 = Release|Any CPU
	EndGlobalSection
	GlobalSection(SolutionProperties) = preSolution
		HideSolutionNode = FALSE
	EndGlobalSection
	GlobalSection(ExtensibilityGlobals) = postSolution
		SolutionGuid = {A97811E4-6C56-4594-BE02-B887245069E9}
	EndGlobalSection
EndGlobal
