
Microsoft Visual Studio Solution File, Format Version 12.00
# Visual Studio Version 16
VisualStudioVersion = 16.0.31702.278
MinimumVisualStudioVersion = 10.0.40219.1
Project("{FAE04EC0-301F-11D3-BF4B-00C04F79EFBC}") = "Method2", "Method2\Method2.csproj", "{8B40F05B-D058-42B0-B1FC-F621F74A554A}"
EndProject
Global
	GlobalSection(SolutionConfigurationPlatforms) = preSolution
		Debug|Any CPU = Debug|Any CPU
		Release|Any CPU = Release|Any CPU
	EndGlobalSection
	GlobalSection(ProjectConfigurationPlatforms) = postSolution
		{8B40F05B-D058-42B0-B1FC-F621F74A554A}.Debug|Any CPU.ActiveCfg = Debug|Any CPU
		{8B40F05B-D058-42B0-B1FC-F621F74A554A}.Debug|Any CPU.Build.0 = Debug|Any CPU
		{8B40F05B-D058-42B0-B1FC-F621F74A554A}.Release|Any CPU.ActiveCfg = Release|Any CPU
		{8B40F05B-D058-42B0-B1FC-F621F74A554A}.Release|Any CPU.Build.0 = Release|Any CPU
	EndGlobalSection
	GlobalSection(SolutionProperties) = preSolution
		HideSolutionNode = FALSE
	EndGlobalSection
	GlobalSection(ExtensibilityGlobals) = postSolution
		SolutionGuid = {CBFA0F55-BC8C-4E4D-80E6-60A18EF1FF48}
	EndGlobalSection
EndGlobal
