
Microsoft Visual Studio Solution File, Format Version 12.00
# Visual Studio Version 16
VisualStudioVersion = 16.0.31702.278
MinimumVisualStudioVersion = 10.0.40219.1
Project("{FAE04EC0-301F-11D3-BF4B-00C04F79EFBC}") = "Enumeration", "Enumeration\Enumeration.csproj", "{40AA38B7-057E-4C6C-B3B3-2ABADD9D26FC}"
EndProject
Global
	GlobalSection(SolutionConfigurationPlatforms) = preSolution
		Debug|Any CPU = Debug|Any CPU
		Release|Any CPU = Release|Any CPU
	EndGlobalSection
	GlobalSection(ProjectConfigurationPlatforms) = postSolution
		{40AA38B7-057E-4C6C-B3B3-2ABADD9D26FC}.Debug|Any CPU.ActiveCfg = Debug|Any CPU
		{40AA38B7-057E-4C6C-B3B3-2ABADD9D26FC}.Debug|Any CPU.Build.0 = Debug|Any CPU
		{40AA38B7-057E-4C6C-B3B3-2ABADD9D26FC}.Release|Any CPU.ActiveCfg = Release|Any CPU
		{40AA38B7-057E-4C6C-B3B3-2ABADD9D26FC}.Release|Any CPU.Build.0 = Release|Any CPU
	EndGlobalSection
	GlobalSection(SolutionProperties) = preSolution
		HideSolutionNode = FALSE
	EndGlobalSection
	GlobalSection(ExtensibilityGlobals) = postSolution
		SolutionGuid = {6A89A80A-0FF3-458B-A5B6-CDAC41F0310F}
	EndGlobalSection
EndGlobal
