
Microsoft Visual Studio Solution File, Format Version 12.00
# Visual Studio Version 16
VisualStudioVersion = 16.0.31702.278
MinimumVisualStudioVersion = 10.0.40219.1
Project("{FAE04EC0-301F-11D3-BF4B-00C04F79EFBC}") = "Leaderboard (quiz homework done properly)", "Leaderboard (quiz homework done properly)\Leaderboard (quiz homework done properly).csproj", "{83CC45E0-2CF4-43D0-9602-B67EA0C82E7F}"
EndProject
Global
	GlobalSection(SolutionConfigurationPlatforms) = preSolution
		Debug|Any CPU = Debug|Any CPU
		Release|Any CPU = Release|Any CPU
	EndGlobalSection
	GlobalSection(ProjectConfigurationPlatforms) = postSolution
		{83CC45E0-2CF4-43D0-9602-B67EA0C82E7F}.Debug|Any CPU.ActiveCfg = Debug|Any CPU
		{83CC45E0-2CF4-43D0-9602-B67EA0C82E7F}.Debug|Any CPU.Build.0 = Debug|Any CPU
		{83CC45E0-2CF4-43D0-9602-B67EA0C82E7F}.Release|Any CPU.ActiveCfg = Release|Any CPU
		{83CC45E0-2CF4-43D0-9602-B67EA0C82E7F}.Release|Any CPU.Build.0 = Release|Any CPU
	EndGlobalSection
	GlobalSection(SolutionProperties) = preSolution
		HideSolutionNode = FALSE
	EndGlobalSection
	GlobalSection(ExtensibilityGlobals) = postSolution
		SolutionGuid = {2A6CFCCD-B4B0-4FCE-A80F-8CC76EF53ACA}
	EndGlobalSection
EndGlobal
