
Microsoft Visual Studio Solution File, Format Version 12.00
# Visual Studio Version 16
VisualStudioVersion = 16.0.31624.102
MinimumVisualStudioVersion = 10.0.40219.1
Project("{FAE04EC0-301F-11D3-BF4B-00C04F79EFBC}") = "if statements", "if statements\if statements.csproj", "{F2CA8F6F-8373-4745-8B44-5CF2DFD56465}"
EndProject
Global
	GlobalSection(SolutionConfigurationPlatforms) = preSolution
		Debug|Any CPU = Debug|Any CPU
		Release|Any CPU = Release|Any CPU
	EndGlobalSection
	GlobalSection(ProjectConfigurationPlatforms) = postSolution
		{F2CA8F6F-8373-4745-8B44-5CF2DFD56465}.Debug|Any CPU.ActiveCfg = Debug|Any CPU
		{F2CA8F6F-8373-4745-8B44-5CF2DFD56465}.Debug|Any CPU.Build.0 = Debug|Any CPU
		{F2CA8F6F-8373-4745-8B44-5CF2DFD56465}.Release|Any CPU.ActiveCfg = Release|Any CPU
		{F2CA8F6F-8373-4745-8B44-5CF2DFD56465}.Release|Any CPU.Build.0 = Release|Any CPU
	EndGlobalSection
	GlobalSection(SolutionProperties) = preSolution
		HideSolutionNode = FALSE
	EndGlobalSection
	GlobalSection(ExtensibilityGlobals) = postSolution
		SolutionGuid = {1390A1F0-8AE2-460F-A0DF-24598477A7D7}
	EndGlobalSection
EndGlobal
