
Microsoft Visual Studio Solution File, Format Version 12.00
# Visual Studio Version 16
VisualStudioVersion = 16.0.31613.86
MinimumVisualStudioVersion = 10.0.40219.1
Project("{FAE04EC0-301F-11D3-BF4B-00C04F79EFBC}") = "Shapes", "Shapes.csproj", "{16E8C6F3-63BB-4CDF-8723-4E56769FE299}"
EndProject
Global
	GlobalSection(SolutionConfigurationPlatforms) = preSolution
		Debug|Any CPU = Debug|Any CPU
		Release|Any CPU = Release|Any CPU
	EndGlobalSection
	GlobalSection(ProjectConfigurationPlatforms) = postSolution
		{16E8C6F3-63BB-4CDF-8723-4E56769FE299}.Debug|Any CPU.ActiveCfg = Debug|Any CPU
		{16E8C6F3-63BB-4CDF-8723-4E56769FE299}.Debug|Any CPU.Build.0 = Debug|Any CPU
		{16E8C6F3-63BB-4CDF-8723-4E56769FE299}.Release|Any CPU.ActiveCfg = Release|Any CPU
		{16E8C6F3-63BB-4CDF-8723-4E56769FE299}.Release|Any CPU.Build.0 = Release|Any CPU
	EndGlobalSection
	GlobalSection(SolutionProperties) = preSolution
		HideSolutionNode = FALSE
	EndGlobalSection
	GlobalSection(ExtensibilityGlobals) = postSolution
		SolutionGuid = {6E06B913-D6D4-45C0-AC7B-D71A791A5EE7}
	EndGlobalSection
EndGlobal
