
Microsoft Visual Studio Solution File, Format Version 12.00
# Visual Studio Version 16
VisualStudioVersion = 16.0.29503.13
MinimumVisualStudioVersion = 10.0.40219.1
Project("{FAE04EC0-301F-11D3-BF4B-00C04F79EFBC}") = "Week 4 Excersise 1", "Week 4 Excersise 1\Week 4 Excersise 1.csproj", "{2386B1B7-F826-4DE2-965F-10D0B37E784A}"
EndProject
Global
	GlobalSection(SolutionConfigurationPlatforms) = preSolution
		Debug|Any CPU = Debug|Any CPU
		Release|Any CPU = Release|Any CPU
	EndGlobalSection
	GlobalSection(ProjectConfigurationPlatforms) = postSolution
		{2386B1B7-F826-4DE2-965F-10D0B37E784A}.Debug|Any CPU.ActiveCfg = Debug|Any CPU
		{2386B1B7-F826-4DE2-965F-10D0B37E784A}.Debug|Any CPU.Build.0 = Debug|Any CPU
		{2386B1B7-F826-4DE2-965F-10D0B37E784A}.Release|Any CPU.ActiveCfg = Release|Any CPU
		{2386B1B7-F826-4DE2-965F-10D0B37E784A}.Release|Any CPU.Build.0 = Release|Any CPU
	EndGlobalSection
	GlobalSection(SolutionProperties) = preSolution
		HideSolutionNode = FALSE
	EndGlobalSection
	GlobalSection(ExtensibilityGlobals) = postSolution
		SolutionGuid = {68A855DB-B890-41C7-BA3C-3DB0A0AF2714}
	EndGlobalSection
EndGlobal
