
Microsoft Visual Studio Solution File, Format Version 12.00
# Visual Studio Version 16
VisualStudioVersion = 16.0.31702.278
MinimumVisualStudioVersion = 10.0.40219.1
Project("{FAE04EC0-301F-11D3-BF4B-00C04F79EFBC}") = "w3 task 5 1", "w3 task 5 1\w3 task 5 1.csproj", "{B8C7F6B8-7F72-4A14-A00C-F9AF1105FAA7}"
EndProject
Global
	GlobalSection(SolutionConfigurationPlatforms) = preSolution
		Debug|Any CPU = Debug|Any CPU
		Release|Any CPU = Release|Any CPU
	EndGlobalSection
	GlobalSection(ProjectConfigurationPlatforms) = postSolution
		{B8C7F6B8-7F72-4A14-A00C-F9AF1105FAA7}.Debug|Any CPU.ActiveCfg = Debug|Any CPU
		{B8C7F6B8-7F72-4A14-A00C-F9AF1105FAA7}.Debug|Any CPU.Build.0 = Debug|Any CPU
		{B8C7F6B8-7F72-4A14-A00C-F9AF1105FAA7}.Release|Any CPU.ActiveCfg = Release|Any CPU
		{B8C7F6B8-7F72-4A14-A00C-F9AF1105FAA7}.Release|Any CPU.Build.0 = Release|Any CPU
	EndGlobalSection
	GlobalSection(SolutionProperties) = preSolution
		HideSolutionNode = FALSE
	EndGlobalSection
	GlobalSection(ExtensibilityGlobals) = postSolution
		SolutionGuid = {5830C113-ACFD-4FE8-866C-32296BC72C4C}
	EndGlobalSection
EndGlobal
