
Microsoft Visual Studio Solution File, Format Version 12.00
# Visual Studio Version 16
VisualStudioVersion = 16.0.31624.102
MinimumVisualStudioVersion = 10.0.40219.1
Project("{FAE04EC0-301F-11D3-BF4B-00C04F79EFBC}") = "Project 1", "Project 1\Project 1.csproj", "{CD915C90-83F8-4BF9-8338-D64C580F4F15}"
EndProject
Global
	GlobalSection(SolutionConfigurationPlatforms) = preSolution
		Debug|Any CPU = Debug|Any CPU
		Release|Any CPU = Release|Any CPU
	EndGlobalSection
	GlobalSection(ProjectConfigurationPlatforms) = postSolution
		{CD915C90-83F8-4BF9-8338-D64C580F4F15}.Debug|Any CPU.ActiveCfg = Debug|Any CPU
		{CD915C90-83F8-4BF9-8338-D64C580F4F15}.Debug|Any CPU.Build.0 = Debug|Any CPU
		{CD915C90-83F8-4BF9-8338-D64C580F4F15}.Release|Any CPU.ActiveCfg = Release|Any CPU
		{CD915C90-83F8-4BF9-8338-D64C580F4F15}.Release|Any CPU.Build.0 = Release|Any CPU
	EndGlobalSection
	GlobalSection(SolutionProperties) = preSolution
		HideSolutionNode = FALSE
	EndGlobalSection
	GlobalSection(ExtensibilityGlobals) = postSolution
		SolutionGuid = {F37671C4-957C-4BD4-8704-2B5ED1CE4B0D}
	EndGlobalSection
EndGlobal
