
Microsoft Visual Studio Solution File, Format Version 12.00
# Visual Studio Version 16
VisualStudioVersion = 16.0.31702.278
MinimumVisualStudioVersion = 10.0.40219.1
Project("{FAE04EC0-301F-11D3-BF4B-00C04F79EFBC}") = "format output", "format output\format output.csproj", "{102A1827-1D6F-485F-8812-4AC78B725C73}"
EndProject
Global
	GlobalSection(SolutionConfigurationPlatforms) = preSolution
		Debug|Any CPU = Debug|Any CPU
		Release|Any CPU = Release|Any CPU
	EndGlobalSection
	GlobalSection(ProjectConfigurationPlatforms) = postSolution
		{102A1827-1D6F-485F-8812-4AC78B725C73}.Debug|Any CPU.ActiveCfg = Debug|Any CPU
		{102A1827-1D6F-485F-8812-4AC78B725C73}.Debug|Any CPU.Build.0 = Debug|Any CPU
		{102A1827-1D6F-485F-8812-4AC78B725C73}.Release|Any CPU.ActiveCfg = Release|Any CPU
		{102A1827-1D6F-485F-8812-4AC78B725C73}.Release|Any CPU.Build.0 = Release|Any CPU
	EndGlobalSection
	GlobalSection(SolutionProperties) = preSolution
		HideSolutionNode = FALSE
	EndGlobalSection
	GlobalSection(ExtensibilityGlobals) = postSolution
		SolutionGuid = {42D00887-D95A-453A-A2C9-88373CD25802}
	EndGlobalSection
EndGlobal
